// !$*UTF8*$!
{
	archiveVersion = 1;
	classes = {
	};
	objectVersion = 56;
	objects = {

/* Begin PBXBuildFile section */
		EC63184128DD58C800C535A0 /* AppDelegate.swift in Sources */ = {isa = PBXBuildFile; fileRef = EC63184028DD58C800C535A0 /* AppDelegate.swift */; };
		EC63184328DD58C800C535A0 /* SceneDelegate.swift in Sources */ = {isa = PBXBuildFile; fileRef = EC63184228DD58C800C535A0 /* SceneDelegate.swift */; };
		EC63184528DD58C800C535A0 /* ViewController.swift in Sources */ = {isa = PBXBuildFile; fileRef = EC63184428DD58C800C535A0 /* ViewController.swift */; };
		EC63184828DD58C800C535A0 /* Main.storyboard in Resources */ = {isa = PBXBuildFile; fileRef = EC63184628DD58C800C535A0 /* Main.storyboard */; };
		EC63184A28DD58C800C535A0 /* Assets.xcassets in Resources */ = {isa = PBXBuildFile; fileRef = EC63184928DD58C800C535A0 /* Assets.xcassets */; };
		EC63184D28DD58C800C535A0 /* LaunchScreen.storyboard in Resources */ = {isa = PBXBuildFile; fileRef = EC63184B28DD58C800C535A0 /* LaunchScreen.storyboard */; };
		EC63185528DD619000C535A0 /* ProductsTableViewCell.swift in Sources */ = {isa = PBXBuildFile; fileRef = EC63185428DD619000C535A0 /* ProductsTableViewCell.swift */; };
		EC63185728DD639700C535A0 /* ProductsModel.swift in Sources */ = {isa = PBXBuildFile; fileRef = EC63185628DD639700C535A0 /* ProductsModel.swift */; };
		EC63185928DD790200C535A0 /* bigData in Resources */ = {isa = PBXBuildFile; fileRef = EC63185828DD790200C535A0 /* bigData */; };
		EC63185C28DDA1F600C535A0 /* ProductsCollectionViewCell.swift in Sources */ = {isa = PBXBuildFile; fileRef = EC63185A28DDA1F600C535A0 /* ProductsCollectionViewCell.swift */; };
		EC63185D28DDA1F600C535A0 /* ProductsCollectionViewCell.xib in Resources */ = {isa = PBXBuildFile; fileRef = EC63185B28DDA1F600C535A0 /* ProductsCollectionViewCell.xib */; };
/* End PBXBuildFile section */

/* Begin PBXFileReference section */
		EC63183D28DD58C800C535A0 /* shoping.app */ = {isa = PBXFileReference; explicitFileType = wrapper.application; includeInIndex = 0; path = shoping.app; sourceTree = BUILT_PRODUCTS_DIR; };
		EC63184028DD58C800C535A0 /* AppDelegate.swift */ = {isa = PBXFileReference; lastKnownFileType = sourcecode.swift; path = AppDelegate.swift; sourceTree = "<group>"; };
		EC63184228DD58C800C535A0 /* SceneDelegate.swift */ = {isa = PBXFileReference; lastKnownFileType = sourcecode.swift; path = SceneDelegate.swift; sourceTree = "<group>"; };
		EC63184428DD58C800C535A0 /* ViewController.swift */ = {isa = PBXFileReference; lastKnownFileType = sourcecode.swift; path = ViewController.swift; sourceTree = "<group>"; };
		EC63184728DD58C800C535A0 /* Base */ = {isa = PBXFileReference; lastKnownFileType = file.storyboard; name = Base; path = Base.lproj/Main.storyboard; sourceTree = "<group>"; };
		EC63184928DD58C800C535A0 /* Assets.xcassets */ = {isa = PBXFileReference; lastKnownFileType = folder.assetcatalog; path = Assets.xcassets; sourceTree = "<group>"; };
		EC63184C28DD58C800C535A0 /* Base */ = {isa = PBXFileReference; lastKnownFileType = file.storyboard; name = Base; path = Base.lproj/LaunchScreen.storyboard; sourceTree = "<group>"; };
		EC63184E28DD58C800C535A0 /* Info.plist */ = {isa = PBXFileReference; lastKnownFileType = text.plist.xml; path = Info.plist; sourceTree = "<group>"; };
		EC63185428DD619000C535A0 /* ProductsTableViewCell.swift */ = {isa = PBXFileReference; lastKnownFileType = sourcecode.swift; path = ProductsTableViewCell.swift; sourceTree = "<group>"; };
		EC63185628DD639700C535A0 /* ProductsModel.swift */ = {isa = PBXFileReference; lastKnownFileType = sourcecode.swift; path = ProductsModel.swift; sourceTree = "<group>"; };
		EC63185828DD790200C535A0 /* bigData */ = {isa = PBXFileReference; lastKnownFileType = text; path = bigData; sourceTree = "<group>"; };
		EC63185A28DDA1F600C535A0 /* ProductsCollectionViewCell.swift */ = {isa = PBXFileReference; lastKnownFileType = sourcecode.swift; path = ProductsCollectionViewCell.swift; sourceTree = "<group>"; };
		EC63185B28DDA1F600C535A0 /* ProductsCollectionViewCell.xib */ = {isa = PBXFileReference; lastKnownFileType = file.xib; path = ProductsCollectionViewCell.xib; sourceTree = "<group>"; };
/* End PBXFileReference section */

/* Begin PBXFrameworksBuildPhase section */
		EC63183A28DD58C800C535A0 /* Frameworks */ = {
			isa = PBXFrameworksBuildPhase;
			buildActionMask = 2147483647;
			files = (
			);
			runOnlyForDeploymentPostprocessing = 0;
		};
/* End PBXFrameworksBuildPhase section */

/* Begin PBXGroup section */
		EC63183428DD58C800C535A0 = {
			isa = PBXGroup;
			children = (
				EC63183F28DD58C800C535A0 /* shoping */,
				EC63183E28DD58C800C535A0 /* Products */,
			);
			sourceTree = "<group>";
		};
		EC63183E28DD58C800C535A0 /* Products */ = {
			isa = PBXGroup;
			children = (
				EC63183D28DD58C800C535A0 /* shoping.app */,
			);
			name = Products;
			sourceTree = "<group>";
		};
		EC63183F28DD58C800C535A0 /* shoping */ = {
			isa = PBXGroup;
			children = (
				EC63184028DD58C800C535A0 /* AppDelegate.swift */,
				EC63184228DD58C800C535A0 /* SceneDelegate.swift */,
				EC63184628DD58C800C535A0 /* Main.storyboard */,
				EC63185828DD790200C535A0 /* bigData */,
				EC63184928DD58C800C535A0 /* Assets.xcassets */,
				EC63184428DD58C800C535A0 /* ViewController.swift */,
				EC63185628DD639700C535A0 /* ProductsModel.swift */,
				EC63185428DD619000C535A0 /* ProductsTableViewCell.swift */,
				EC63185A28DDA1F600C535A0 /* ProductsCollectionViewCell.swift */,
				EC63185B28DDA1F600C535A0 /* ProductsCollectionViewCell.xib */,
				EC63184B28DD58C800C535A0 /* LaunchScreen.storyboard */,
				EC63184E28DD58C800C535A0 /* Info.plist */,
			);
			path = shoping;
			sourceTree = "<group>";
		};
/* End PBXGroup section */

/* Begin PBXNativeTarget section */
		EC63183C28DD58C800C535A0 /* shoping */ = {
			isa = PBXNativeTarget;
			buildConfigurationList = EC63185128DD58C800C535A0 /* Build configuration list for PBXNativeTarget "shoping" */;
			buildPhases = (
				EC63183928DD58C800C535A0 /* Sources */,
				EC63183A28DD58C800C535A0 /* Frameworks */,
				EC63183B28DD58C800C535A0 /* Resources */,
			);
			buildRules = (
			);
			dependencies = (
			);
			name = shoping;
			productName = shoping;
			productReference = EC63183D28DD58C800C535A0 /* shoping.app */;
			productType = "com.apple.product-type.application";
		};
/* End PBXNativeTarget section */

/* Begin PBXProject section */
		EC63183528DD58C800C535A0 /* Project object */ = {
			isa = PBXProject;
			attributes = {
				BuildIndependentTargetsInParallel = 1;
				LastSwiftUpdateCheck = 1400;
				LastUpgradeCheck = 1400;
				TargetAttributes = {
					EC63183C28DD58C800C535A0 = {
						CreatedOnToolsVersion = 14.0;
					};
				};
			};
			buildConfigurationList = EC63183828DD58C800C535A0 /* Build configuration list for PBXProject "shoping" */;
			compatibilityVersion = "Xcode 14.0";
			developmentRegion = en;
			hasScannedForEncodings = 0;
			knownRegions = (
				en,
				Base,
			);
			mainGroup = EC63183428DD58C800C535A0;
			productRefGroup = EC63183E28DD58C800C535A0 /* Products */;
			projectDirPath = "";
			projectRoot = "";
			targets = (
				EC63183C28DD58C800C535A0 /* shoping */,
			);
		};
/* End PBXProject section */

/* Begin PBXResourcesBuildPhase section */
		EC63183B28DD58C800C535A0 /* Resources */ = {
			isa = PBXResourcesBuildPhase;
			buildActionMask = 2147483647;
			files = (
				EC63184D28DD58C800C535A0 /* LaunchScreen.storyboard in Resources */,
				EC63184A28DD58C800C535A0 /* Assets.xcassets in Resources */,
				EC63185D28DDA1F600C535A0 /* ProductsCollectionViewCell.xib in Resources */,
				EC63184828DD58C800C535A0 /* Main.storyboard in Resources */,
				EC63185928DD790200C535A0 /* bigData in Resources */,
			);
			runOnlyForDeploymentPostprocessing = 0;
		};
/* End PBXResourcesBuildPhase section */

/* Begin PBXSourcesBuildPhase section */
		EC63183928DD58C800C535A0 /* Sources */ = {
			isa = PBXSourcesBuildPhase;
			buildActionMask = 2147483647;
			files = (
				EC63185C28DDA1F600C535A0 /* ProductsCollectionViewCell.swift in Sources */,
				EC63184528DD58C800C535A0 /* ViewController.swift in Sources */,
				EC63185728DD639700C535A0 /* ProductsModel.swift in Sources */,
				EC63185528DD619000C535A0 /* ProductsTableViewCell.swift in Sources */,
				EC63184128DD58C800C535A0 /* AppDelegate.swift in Sources */,
				EC63184328DD58C800C535A0 /* SceneDelegate.swift in Sources */,
			);
			runOnlyForDeploymentPostprocessing = 0;
		};
/* End PBXSourcesBuildPhase section */

/* Begin PBXVariantGroup section */
		EC63184628DD58C800C535A0 /* Main.storyboard */ = {
			isa = PBXVariantGroup;
			children = (
				EC63184728DD58C800C535A0 /* Base */,
			);
			name = Main.storyboard;
			sourceTree = "<group>";
		};
		EC63184B28DD58C800C535A0 /* LaunchScreen.storyboard */ = {
			isa = PBXVariantGroup;
			children = (
				EC63184C28DD58C800C535A0 /* Base */,
			);
			name = LaunchScreen.storyboard;
			sourceTree = "<group>";
		};
/* End PBXVariantGroup section */

/* Begin XCBuildConfiguration section */
		EC63184F28DD58C800C535A0 /* Debug */ = {
			isa = XCBuildConfiguration;
			buildSettings = {
				ALWAYS_SEARCH_USER_PATHS = NO;
				CLANG_ANALYZER_NONNULL = YES;
				CLANG_ANALYZER_NUMBER_OBJECT_CONVERSION = YES_AGGRESSIVE;
				CLANG_CXX_LANGUAGE_STANDARD = "gnu++20";
				CLANG_ENABLE_MODULES = YES;
				CLANG_ENABLE_OBJC_ARC = YES;
				CLANG_ENABLE_OBJC_WEAK = YES;
				CLANG_WARN_BLOCK_CAPTURE_AUTORELEASING = YES;
				CLANG_WARN_BOOL_CONVERSION = YES;
				CLANG_WARN_COMMA = YES;
				CLANG_WARN_CONSTANT_CONVERSION = YES;
				CLANG_WARN_DEPRECATED_OBJC_IMPLEMENTATIONS = YES;
				CLANG_WARN_DIRECT_OBJC_ISA_USAGE = YES_ERROR;
				CLANG_WARN_DOCUMENTATION_COMMENTS = YES;
				CLANG_WARN_EMPTY_BODY = YES;
				CLANG_WARN_ENUM_CONVERSION = YES;
				CLANG_WARN_INFINITE_RECURSION = YES;
				CLANG_WARN_INT_CONVERSION = YES;
				CLANG_WARN_NON_LITERAL_NULL_CONVERSION = YES;
				CLANG_WARN_OBJC_IMPLICIT_RETAIN_SELF = YES;
				CLANG_WARN_OBJC_LITERAL_CONVERSION = YES;
				CLANG_WARN_OBJC_ROOT_CLASS = YES_ERROR;
				CLANG_WARN_QUOTED_INCLUDE_IN_FRAMEWORK_HEADER = YES;
				CLANG_WARN_RANGE_LOOP_ANALYSIS = YES;
				CLANG_WARN_STRICT_PROTOTYPES = YES;
				CLANG_WARN_SUSPICIOUS_MOVE = YES;
				CLANG_WARN_UNGUARDED_AVAILABILITY = YES_AGGRESSIVE;
				CLANG_WARN_UNREACHABLE_CODE = YES;
				CLANG_WARN__DUPLICATE_METHOD_MATCH = YES;
				COPY_PHASE_STRIP = NO;
				DEBUG_INFORMATION_FORMAT = dwarf;
				ENABLE_STRICT_OBJC_MSGSEND = YES;
				ENABLE_TESTABILITY = YES;
				GCC_C_LANGUAGE_STANDARD = gnu11;
				GCC_DYNAMIC_NO_PIC = NO;
				GCC_NO_COMMON_BLOCKS = YES;
				GCC_OPTIMIZATION_LEVEL = 0;
				GCC_PREPROCESSOR_DEFINITIONS = (
					"DEBUG=1",
					"$(inherited)",
				);
				GCC_WARN_64_TO_32_BIT_CONVERSION = YES;
				GCC_WARN_ABOUT_RETURN_TYPE = YES_ERROR;
				GCC_WARN_UNDECLARED_SELECTOR = YES;
				GCC_WARN_UNINITIALIZED_AUTOS = YES_AGGRESSIVE;
				GCC_WARN_UNUSED_FUNCTION = YES;
				GCC_WARN_UNUSED_VARIABLE = YES;
				IPHONEOS_DEPLOYMENT_TARGET = 16.0;
				MTL_ENABLE_DEBUG_INFO = INCLUDE_SOURCE;
				MTL_FAST_MATH = YES;
				ONLY_ACTIVE_ARCH = YES;
				SDKROOT = iphoneos;
				SWIFT_ACTIVE_COMPILATION_CONDITIONS = DEBUG;
				SWIFT_OPTIMIZATION_LEVEL = "-Onone";
			};
			name = Debug;
		};
		EC63185028DD58C800C535A0 /* Release */ = {
			isa = XCBuildConfiguration;
			buildSettings = {
				ALWAYS_SEARCH_USER_PATHS = NO;
				CLANG_ANALYZER_NONNULL = YES;
				CLANG_ANALYZER_NUMBER_OBJECT_CONVERSION = YES_AGGRESSIVE;
				CLANG_CXX_LANGUAGE_STANDARD = "gnu++20";
				CLANG_ENABLE_MODULES = YES;
				CLANG_ENABLE_OBJC_ARC = YES;
				CLANG_ENABLE_OBJC_WEAK = YES;
				CLANG_WARN_BLOCK_CAPTURE_AUTORELEASING = YES;
				CLANG_WARN_BOOL_CONVERSION = YES;
				CLANG_WARN_COMMA = YES;
				CLANG_WARN_CONSTANT_CONVERSION = YES;
				CLANG_WARN_DEPRECATED_OBJC_IMPLEMENTATIONS = YES;
				CLANG_WARN_DIRECT_OBJC_ISA_USAGE = YES_ERROR;
				CLANG_WARN_DOCUMENTATION_COMMENTS = YES;
				CLANG_WARN_EMPTY_BODY = YES;
				CLANG_WARN_ENUM_CONVERSION = YES;
				CLANG_WARN_INFINITE_RECURSION = YES;
				CLANG_WARN_INT_CONVERSION = YES;
				CLANG_WARN_NON_LITERAL_NULL_CONVERSION = YES;
				CLANG_WARN_OBJC_IMPLICIT_RETAIN_SELF = YES;
				CLANG_WARN_OBJC_LITERAL_CONVERSION = YES;
				CLANG_WARN_OBJC_ROOT_CLASS = YES_ERROR;
				CLANG_WARN_QUOTED_INCLUDE_IN_FRAMEWORK_HEADER = YES;
				CLANG_WARN_RANGE_LOOP_ANALYSIS = YES;
				CLANG_WARN_STRICT_PROTOTYPES = YES;
				CLANG_WARN_SUSPICIOUS_MOVE = YES;
				CLANG_WARN_UNGUARDED_AVAILABILITY = YES_AGGRESSIVE;
				CLANG_WARN_UNREACHABLE_CODE = YES;
				CLANG_WARN__DUPLICATE_METHOD_MATCH = YES;
				COPY_PHASE_STRIP = NO;
				DEBUG_INFORMATION_FORMAT = "dwarf-with-dsym";
				ENABLE_NS_ASSERTIONS = NO;
				ENABLE_STRICT_OBJC_MSGSEND = YES;
				GCC_C_LANGUAGE_STANDARD = gnu11;
				GCC_NO_COMMON_BLOCKS = YES;
				GCC_WARN_64_TO_32_BIT_CONVERSION = YES;
				GCC_WARN_ABOUT_RETURN_TYPE = YES_ERROR;
				GCC_WARN_UNDECLARED_SELECTOR = YES;
				GCC_WARN_UNINITIALIZED_AUTOS = YES_AGGRESSIVE;
				GCC_WARN_UNUSED_FUNCTION = YES;
				GCC_WARN_UNUSED_VARIABLE = YES;
				IPHONEOS_DEPLOYMENT_TARGET = 16.0;
				MTL_ENABLE_DEBUG_INFO = NO;
				MTL_FAST_MATH = YES;
				SDKROOT = iphoneos;
				SWIFT_COMPILATION_MODE = wholemodule;
				SWIFT_OPTIMIZATION_LEVEL = "-O";
				VALIDATE_PRODUCT = YES;
			};
			name = Release;
		};
		EC63185228DD58C800C535A0 /* Debug */ = {
			isa = XCBuildConfiguration;
			buildSettings = {
				ASSETCATALOG_COMPILER_APPICON_NAME = AppIcon;
				ASSETCATALOG_COMPILER_GLOBAL_ACCENT_COLOR_NAME = AccentColor;
				CODE_SIGN_STYLE = Automatic;
				CURRENT_PROJECT_VERSION = 1;
				GENERATE_INFOPLIST_FILE = YES;
				INFOPLIST_FILE = shoping/Info.plist;
				INFOPLIST_KEY_UIApplicationSupportsIndirectInputEvents = YES;
				INFOPLIST_KEY_UILaunchStoryboardName = LaunchScreen;
				INFOPLIST_KEY_UIMainStoryboardFile = Main;
				INFOPLIST_KEY_UISupportedInterfaceOrientations_iPad = "UIInterfaceOrientationPortrait UIInterfaceOrientationPortraitUpsideDown UIInterfaceOrientationLandscapeLeft UIInterfaceOrientationLandscapeRight";
				INFOPLIST_KEY_UISupportedInterfaceOrientations_iPhone = "UIInterfaceOrientationPortrait UIInterfaceOrientationLandscapeLeft UIInterfaceOrientationLandscapeRight";
				IPHONEOS_DEPLOYMENT_TARGET = 14.0;
				LD_RUNPATH_SEARCH_PATHS = (
					"$(inherited)",
					"@executable_path/Frameworks",
				);
				MARKETING_VERSION = 1.0;
				PRODUCT_BUNDLE_IDENTIFIER = "-21212.shoping";
				PRODUCT_NAME = "$(TARGET_NAME)";
				SWIFT_EMIT_LOC_STRINGS = YES;
				SWIFT_VERSION = 5.0;
				TARGETED_DEVICE_FAMILY = "1,2";
			};
			name = Debug;
		};
		EC63185328DD58C800C535A0 /* Release */ = {
			isa = XCBuildConfiguration;
			buildSettings = {
				ASSETCATALOG_COMPILER_APPICON_NAME = AppIcon;
				ASSETCATALOG_COMPILER_GLOBAL_ACCENT_COLOR_NAME = AccentColor;
				CODE_SIGN_STYLE = Automatic;
				CURRENT_PROJECT_VERSION = 1;
				GENERATE_INFOPLIST_FILE = YES;
				INFOPLIST_FILE = shoping/Info.plist;
				INFOPLIST_KEY_UIApplicationSupportsIndirectInputEvents = YES;
				INFOPLIST_KEY_UILaunchStoryboardName = LaunchScreen;
				INFOPLIST_KEY_UIMainStoryboardFile = Main;
				INFOPLIST_KEY_UISupportedInterfaceOrientations_iPad = "UIInterfaceOrientationPortrait UIInterfaceOrientationPortraitUpsideDown UIInterfaceOrientationLandscapeLeft UIInterfaceOrientationLandscapeRight";
				INFOPLIST_KEY_UISupportedInterfaceOrientations_iPhone = "UIInterfaceOrientationPortrait UIInterfaceOrientationLandscapeLeft UIInterfaceOrientationLandscapeRight";
				IPHONEOS_DEPLOYMENT_TARGET = 14.0;
				LD_RUNPATH_SEARCH_PATHS = (
					"$(inherited)",
					"@executable_path/Frameworks",
				);
				MARKETING_VERSION = 1.0;
				PRODUCT_BUNDLE_IDENTIFIER = "-21212.shoping";
				PRODUCT_NAME = "$(TARGET_NAME)";
				SWIFT_EMIT_LOC_STRINGS = YES;
				SWIFT_VERSION = 5.0;
				TARGETED_DEVICE_FAMILY = "1,2";
			};
			name = Release;
		};
/* End XCBuildConfiguration section */

/* Begin XCConfigurationList section */
		EC63183828DD58C800C535A0 /* Build configuration list for PBXProject "shoping" */ = {
			isa = XCConfigurationList;
			buildConfigurations = (
				EC63184F28DD58C800C535A0 /* Debug */,
				EC63185028DD58C800C535A0 /* Release */,
			);
			defaultConfigurationIsVisible = 0;
			defaultConfigurationName = Release;
		};
		EC63185128DD58C800C535A0 /* Build configuration list for PBXNativeTarget "shoping" */ = {
			isa = XCConfigurationList;
			buildConfigurations = (
				EC63185228DD58C800C535A0 /* Debug */,
				EC63185328DD58C800C535A0 /* Release */,
			);
			defaultConfigurationIsVisible = 0;
			defaultConfigurationName = Release;
		};
/* End XCConfigurationList section */
	};
	rootObject = EC63183528DD58C800C535A0 /* Project object */;
}
